
Microsoft Visual Studio Solution File, Format Version 12.00
# Visual Studio 15
VisualStudioVersion = 15.0.28307.779
MinimumVisualStudioVersion = 10.0.40219.1
Project("{FAE04EC0-301F-11D3-BF4B-00C04F79EFBC}") = "mi", "mi\mi.csproj", "{C5005C7F-4C3F-439F-B810-8A63E9109A54}"
EndProject
Global
	GlobalSection(SolutionConfigurationPlatforms) = preSolution
		Debug|Any CPU = Debug|Any CPU
		Release|Any CPU = Release|Any CPU
	EndGlobalSection
	GlobalSection(ProjectConfigurationPlatforms) = postSolution
		{C5005C7F-4C3F-439F-B810-8A63E9109A54}.Debug|Any CPU.ActiveCfg = Debug|Any CPU
		{C5005C7F-4C3F-439F-B810-8A63E9109A54}.Debug|Any CPU.Build.0 = Debug|Any CPU
		{C5005C7F-4C3F-439F-B810-8A63E9109A54}.Release|Any CPU.ActiveCfg = Release|Any CPU
		{C5005C7F-4C3F-439F-B810-8A63E9109A54}.Release|Any CPU.Build.0 = Release|Any CPU
	EndGlobalSection
	GlobalSection(SolutionProperties) = preSolution
		HideSolutionNode = FALSE
	EndGlobalSection
	GlobalSection(ExtensibilityGlobals) = postSolution
		SolutionGuid = {5B67C5BC-18B7-44FE-B541-8B9E3C9F9995}
	EndGlobalSection
EndGlobal
